# This file was autogenerated by Stack.
# You should not edit this file by hand.
# For more information, please see the documentation at:
#   https://docs.haskellstack.org/en/stable/lock_files

packages:
- completed:
    hackage: first-class-families-0.5.0.0@sha256:6e1488c502d5b1e780739a53edab65a307c6bf94d4232fab70e696e87f0fa087,1290
    pantry-tree:
      size: 847
      sha256: 9289ea3bef39f4aae774cfe466810ee55989b1ef58de33a7c9668df8b0657b1d
  original:
    hackage: first-class-families-0.5.0.0@sha256:6e1488c502d5b1e780739a53edab65a307c6bf94d4232fab70e696e87f0fa087
snapshots:
- completed:
    size: 523454
    url: https://raw.githubusercontent.com/commercialhaskell/stackage-snapshots/master/lts/14/2.yaml
    sha256: 593deeb8366fd69b9e3b7611759ecee87d0d76c08c2ba363b38b7fb119e9fc22
  original: lts-14.2
